
Microsoft Visual Studio Solution File, Format Version 12.00
# Visual Studio Version 17
VisualStudioVersion = 17.0.31903.59
MinimumVisualStudioVersion = 10.0.40219.1
Project("{FAE04EC0-301F-11D3-BF4B-00C04F79EFBC}") = "Bolillero.Core", "Bolillero.Core\Bolillero.Core.csproj", "{F509948A-0234-4D4C-BF7A-B41F353EC35D}"
EndProject
Project("{FAE04EC0-301F-11D3-BF4B-00C04F79EFBC}") = "BolilleroTests", "BolilleroTests\BolilleroTests.csproj", "{43F7EE1D-ED07-40CB-AF02-7B90B66666BE}"
EndProject
Global
	GlobalSection(SolutionConfigurationPlatforms) = preSolution
		Debug|Any CPU = Debug|Any CPU
		Debug|x64 = Debug|x64
		Debug|x86 = Debug|x86
		Release|Any CPU = Release|Any CPU
		Release|x64 = Release|x64
		Release|x86 = Release|x86
	EndGlobalSection
	GlobalSection(ProjectConfigurationPlatforms) = postSolution
		{F509948A-0234-4D4C-BF7A-B41F353EC35D}.Debug|Any CPU.ActiveCfg = Debug|Any CPU
		{F509948A-0234-4D4C-BF7A-B41F353EC35D}.Debug|Any CPU.Build.0 = Debug|Any CPU
		{F509948A-0234-4D4C-BF7A-B41F353EC35D}.Debug|x64.ActiveCfg = Debug|Any CPU
		{F509948A-0234-4D4C-BF7A-B41F353EC35D}.Debug|x64.Build.0 = Debug|Any CPU
		{F509948A-0234-4D4C-BF7A-B41F353EC35D}.Debug|x86.ActiveCfg = Debug|Any CPU
		{F509948A-0234-4D4C-BF7A-B41F353EC35D}.Debug|x86.Build.0 = Debug|Any CPU
		{F509948A-0234-4D4C-BF7A-B41F353EC35D}.Release|Any CPU.ActiveCfg = Release|Any CPU
		{F509948A-0234-4D4C-BF7A-B41F353EC35D}.Release|Any CPU.Build.0 = Release|Any CPU
		{F509948A-0234-4D4C-BF7A-B41F353EC35D}.Release|x64.ActiveCfg = Release|Any CPU
		{F509948A-0234-4D4C-BF7A-B41F353EC35D}.Release|x64.Build.0 = Release|Any CPU
		{F509948A-0234-4D4C-BF7A-B41F353EC35D}.Release|x86.ActiveCfg = Release|Any CPU
		{F509948A-0234-4D4C-BF7A-B41F353EC35D}.Release|x86.Build.0 = Release|Any CPU
		{43F7EE1D-ED07-40CB-AF02-7B90B66666BE}.Debug|Any CPU.ActiveCfg = Debug|Any CPU
		{43F7EE1D-ED07-40CB-AF02-7B90B66666BE}.Debug|Any CPU.Build.0 = Debug|Any CPU
		{43F7EE1D-ED07-40CB-AF02-7B90B66666BE}.Debug|x64.ActiveCfg = Debug|Any CPU
		{43F7EE1D-ED07-40CB-AF02-7B90B66666BE}.Debug|x64.Build.0 = Debug|Any CPU
		{43F7EE1D-ED07-40CB-AF02-7B90B66666BE}.Debug|x86.ActiveCfg = Debug|Any CPU
		{43F7EE1D-ED07-40CB-AF02-7B90B66666BE}.Debug|x86.Build.0 = Debug|Any CPU
		{43F7EE1D-ED07-40CB-AF02-7B90B66666BE}.Release|Any CPU.ActiveCfg = Release|Any CPU
		{43F7EE1D-ED07-40CB-AF02-7B90B66666BE}.Release|Any CPU.Build.0 = Release|Any CPU
		{43F7EE1D-ED07-40CB-AF02-7B90B66666BE}.Release|x64.ActiveCfg = Release|Any CPU
		{43F7EE1D-ED07-40CB-AF02-7B90B66666BE}.Release|x64.Build.0 = Release|Any CPU
		{43F7EE1D-ED07-40CB-AF02-7B90B66666BE}.Release|x86.ActiveCfg = Release|Any CPU
		{43F7EE1D-ED07-40CB-AF02-7B90B66666BE}.Release|x86.Build.0 = Release|Any CPU
	EndGlobalSection
	GlobalSection(SolutionProperties) = preSolution
		HideSolutionNode = FALSE
	EndGlobalSection
EndGlobal
